PODS:
  - FBSnapshotTestCase (2.1.4):
    - FBSnapshotTestCase/SwiftSupport (= 2.1.4)
  - FBSnapshotTestCase/Core (2.1.4)
  - FBSnapshotTestCase/SwiftSupport (2.1.4):
    - FBSnapshotTestCase/Core
  - JWIndicatorView (0.1.0):
    - NVActivityIndicatorView
  - NVActivityIndicatorView (5.2.0):
    - NVActivityIndicatorView/Base (= 5.2.0)
  - NVActivityIndicatorView/Base (5.2.0)

DEPENDENCIES:
  - FBSnapshotTestCase (~> 2.1.4)
  - JWIndicatorView (from `../`)

SPEC REPOS:
  trunk:
    - FBSnapshotTestCase
    - NVActivityIndicatorView

EXTERNAL SOURCES:
  JWIndicatorView:
    :path: "../"

SPEC CHECKSUMS:
  FBSnapshotTestCase: 094f9f314decbabe373b87cc339bea235a63e07a
  JWIndicatorView: f541ed2717883c643f723acbc96f1d432be56cce
  NVActivityIndicatorView: fe52a6a68664c2df8991d7d9e3d86d8d19453c53

PODFILE CHECKSUM: a12d5aa3bef66adf6d1df48c5414aec7c663ed71

COCOAPODS: 1.16.2
